Microsoft Visual Studio Solution File, Format Version 12.00
# Visual Studio Version 17
VisualStudioVersion = 17.5.2.0
MinimumVisualStudioVersion = 10.0.40219.1
Project("{FAE04EC0-301F-11D3-BF4B-00C04F79EFBC}") = "6_10", "6_10.csproj", "{69E84D3A-F3F6-BA25-97AB-2650C36AE527}"
EndProject
Global
	GlobalSection(SolutionConfigurationPlatforms) = preSolution
		Debug|Any CPU = Debug|Any CPU
		Release|Any CPU = Release|Any CPU
	EndGlobalSection
	GlobalSection(ProjectConfigurationPlatforms) = postSolution
		{69E84D3A-F3F6-BA25-97AB-2650C36AE527}.Debug|Any CPU.ActiveCfg = Debug|Any CPU
		{69E84D3A-F3F6-BA25-97AB-2650C36AE527}.Debug|Any CPU.Build.0 = Debug|Any CPU
		{69E84D3A-F3F6-BA25-97AB-2650C36AE527}.Release|Any CPU.ActiveCfg = Release|Any CPU
		{69E84D3A-F3F6-BA25-97AB-2650C36AE527}.Release|Any CPU.Build.0 = Release|Any CPU
	EndGlobalSection
	GlobalSection(SolutionProperties) = preSolution
		HideSolutionNode = FALSE
	EndGlobalSection
	GlobalSection(ExtensibilityGlobals) = postSolution
		SolutionGuid = {A2536DD6-6198-4913-A6B8-7AF159DB197C}
	EndGlobalSection
EndGlobal
