Microsoft Visual Studio Solution File, Format Version 12.00
# Visual Studio Version 17
VisualStudioVersion = 17.5.2.0
MinimumVisualStudioVersion = 10.0.40219.1
Project("{FAE04EC0-301F-11D3-BF4B-00C04F79EFBC}") = "8_10", "8_10.csproj", "{63E55672-B58A-6747-FE86-67032FA21850}"
EndProject
Global
	GlobalSection(SolutionConfigurationPlatforms) = preSolution
		Debug|Any CPU = Debug|Any CPU
		Release|Any CPU = Release|Any CPU
	EndGlobalSection
	GlobalSection(ProjectConfigurationPlatforms) = postSolution
		{63E55672-B58A-6747-FE86-67032FA21850}.Debug|Any CPU.ActiveCfg = Debug|Any CPU
		{63E55672-B58A-6747-FE86-67032FA21850}.Debug|Any CPU.Build.0 = Debug|Any CPU
		{63E55672-B58A-6747-FE86-67032FA21850}.Release|Any CPU.ActiveCfg = Release|Any CPU
		{63E55672-B58A-6747-FE86-67032FA21850}.Release|Any CPU.Build.0 = Release|Any CPU
	EndGlobalSection
	GlobalSection(SolutionProperties) = preSolution
		HideSolutionNode = FALSE
	EndGlobalSection
	GlobalSection(ExtensibilityGlobals) = postSolution
		SolutionGuid = {9EE06F61-EDF3-4C10-89A9-DDEE2FF93D19}
	EndGlobalSection
EndGlobal
